
Microsoft Visual Studio Solution File, Format Version 12.00
Project("{FAE04EC0-301F-11D3-BF4B-00C04F79EFBC}") = "FortnitePorting", "FortnitePorting\FortnitePorting.csproj", "{9201D32D-52D8-4D11-BF28-2EDAB30FD3A2}"
EndProject
Project("{FAE04EC0-301F-11D3-BF4B-00C04F79EFBC}") = "FortnitePorting.Shared", "FortnitePorting.Shared\FortnitePorting.Shared.csproj", "{F4D98C69-ED26-4EA3-A60A-9E1F54E78211}"
EndProject
Project("{FAE04EC0-301F-11D3-BF4B-00C04F79EFBC}") = "CUE4Parse", "Dependencies\CUE4Parse\CUE4Parse\CUE4Parse.csproj", "{080F7E8E-25FF-488C-8F7B-F1104F9456F4}"
EndProject
Project("{FAE04EC0-301F-11D3-BF4B-00C04F79EFBC}") = "FortnitePorting.Rendering", "FortnitePorting.Rendering\FortnitePorting.Rendering.csproj", "{87627B9B-370B-4B06-AE2B-D67D008CBF13}"
EndProject
Project("{FAE04EC0-301F-11D3-BF4B-00C04F79EFBC}") = "CUE4Parse-Conversion", "Dependencies\CUE4Parse\CUE4Parse-Conversion\CUE4Parse-Conversion.csproj", "{A59C67EA-D088-4235-950C-C98FF12A3052}"
EndProject
Project("{FAE04EC0-301F-11D3-BF4B-00C04F79EFBC}") = "FortnitePorting.Plugins", "FortnitePorting.Plugins\FortnitePorting.Plugins.csproj", "{7B1D87EB-F55C-4140-8240-180DE2DB83D4}"
EndProject
Project("{2150E333-8FDC-42A3-9474-1A3956D46DE8}") = "Dependencies", "Dependencies", "{160B5ECB-2908-45FC-9568-A278D0F5C7BB}"
EndProject
Project("{2150E333-8FDC-42A3-9474-1A3956D46DE8}") = "Libraries", "Libraries", "{A58495DE-FFF8-4539-9A8B-91EFE442FE4F}"
EndProject
Global
	GlobalSection(SolutionConfigurationPlatforms) = preSolution
		Debug|Any CPU = Debug|Any CPU
		Release|Any CPU = Release|Any CPU
	EndGlobalSection
	GlobalSection(ProjectConfigurationPlatforms) = postSolution
		{9201D32D-52D8-4D11-BF28-2EDAB30FD3A2}.Debug|Any CPU.ActiveCfg = Debug|Any CPU
		{9201D32D-52D8-4D11-BF28-2EDAB30FD3A2}.Debug|Any CPU.Build.0 = Debug|Any CPU
		{9201D32D-52D8-4D11-BF28-2EDAB30FD3A2}.Release|Any CPU.ActiveCfg = Release|Any CPU
		{9201D32D-52D8-4D11-BF28-2EDAB30FD3A2}.Release|Any CPU.Build.0 = Release|Any CPU
		{F4D98C69-ED26-4EA3-A60A-9E1F54E78211}.Debug|Any CPU.ActiveCfg = Debug|Any CPU
		{F4D98C69-ED26-4EA3-A60A-9E1F54E78211}.Debug|Any CPU.Build.0 = Debug|Any CPU
		{F4D98C69-ED26-4EA3-A60A-9E1F54E78211}.Release|Any CPU.ActiveCfg = Release|Any CPU
		{F4D98C69-ED26-4EA3-A60A-9E1F54E78211}.Release|Any CPU.Build.0 = Release|Any CPU
		{080F7E8E-25FF-488C-8F7B-F1104F9456F4}.Debug|Any CPU.ActiveCfg = Debug|Any CPU
		{080F7E8E-25FF-488C-8F7B-F1104F9456F4}.Debug|Any CPU.Build.0 = Debug|Any CPU
		{080F7E8E-25FF-488C-8F7B-F1104F9456F4}.Release|Any CPU.ActiveCfg = Release|Any CPU
		{080F7E8E-25FF-488C-8F7B-F1104F9456F4}.Release|Any CPU.Build.0 = Release|Any CPU
		{87627B9B-370B-4B06-AE2B-D67D008CBF13}.Debug|Any CPU.ActiveCfg = Debug|Any CPU
		{87627B9B-370B-4B06-AE2B-D67D008CBF13}.Debug|Any CPU.Build.0 = Debug|Any CPU
		{87627B9B-370B-4B06-AE2B-D67D008CBF13}.Release|Any CPU.ActiveCfg = Release|Any CPU
		{87627B9B-370B-4B06-AE2B-D67D008CBF13}.Release|Any CPU.Build.0 = Release|Any CPU
		{A59C67EA-D088-4235-950C-C98FF12A3052}.Debug|Any CPU.ActiveCfg = Debug|Any CPU
		{A59C67EA-D088-4235-950C-C98FF12A3052}.Debug|Any CPU.Build.0 = Debug|Any CPU
		{A59C67EA-D088-4235-950C-C98FF12A3052}.Release|Any CPU.ActiveCfg = Release|Any CPU
		{A59C67EA-D088-4235-950C-C98FF12A3052}.Release|Any CPU.Build.0 = Release|Any CPU
		{7B1D87EB-F55C-4140-8240-180DE2DB83D4}.Debug|Any CPU.ActiveCfg = Debug|Any CPU
		{7B1D87EB-F55C-4140-8240-180DE2DB83D4}.Debug|Any CPU.Build.0 = Debug|Any CPU
		{7B1D87EB-F55C-4140-8240-180DE2DB83D4}.Release|Any CPU.ActiveCfg = Release|Any CPU
		{7B1D87EB-F55C-4140-8240-180DE2DB83D4}.Release|Any CPU.Build.0 = Release|Any CPU
	EndGlobalSection
	GlobalSection(NestedProjects) = preSolution
		{080F7E8E-25FF-488C-8F7B-F1104F9456F4} = {160B5ECB-2908-45FC-9568-A278D0F5C7BB}
		{A59C67EA-D088-4235-950C-C98FF12A3052} = {160B5ECB-2908-45FC-9568-A278D0F5C7BB}
		{87627B9B-370B-4B06-AE2B-D67D008CBF13} = {A58495DE-FFF8-4539-9A8B-91EFE442FE4F}
		{F4D98C69-ED26-4EA3-A60A-9E1F54E78211} = {A58495DE-FFF8-4539-9A8B-91EFE442FE4F}
	EndGlobalSection
EndGlobal
