
Microsoft Visual Studio Solution File, Format Version 12.00
Project("{FAE04EC0-301F-11D3-BF4B-00C04F79EFBC}") = "FortnitePorting", "FortnitePorting\FortnitePorting.csproj", "{893E6B2C-C19C-4673-9B38-62361505EBC7}"
EndProject
Project("{FAE04EC0-301F-11D3-BF4B-00C04F79EFBC}") = "CUE4Parse", "Dependencies\CUE4Parse\CUE4Parse\CUE4Parse.csproj", "{12DDD505-88AB-4B15-B304-DC7DC6C07655}"
EndProject
Project("{FAE04EC0-301F-11D3-BF4B-00C04F79EFBC}") = "CUE4Parse-Conversion", "Dependencies\CUE4Parse\CUE4Parse-Conversion\CUE4Parse-Conversion.csproj", "{33AB1637-42E7-4973-B8DF-586865B527DD}"
EndProject
Project("{FAE04EC0-301F-11D3-BF4B-00C04F79EFBC}") = "EpicManifestParser", "Dependencies\EpicManifestParser\src\EpicManifestParser\EpicManifestParser.csproj", "{05344F7B-9350-42A4-9688-1E05DA5742BE}"
EndProject
Project("{FAE04EC0-301F-11D3-BF4B-00C04F79EFBC}") = "FortnitePorting.Framework", "FortnitePorting.Framework\FortnitePorting.Framework.csproj", "{AB9364B2-DF4A-496D-A76E-535F641213F1}"
EndProject
Project("{FAE04EC0-301F-11D3-BF4B-00C04F79EFBC}") = "FortnitePorting.Installer", "FortnitePorting.Installer\FortnitePorting.Installer.csproj", "{D6705CB8-DE6C-404D-853E-20AA6E7E91AA}"
EndProject
Global
	GlobalSection(SolutionConfigurationPlatforms) = preSolution
		Debug|Any CPU = Debug|Any CPU
		Release|Any CPU = Release|Any CPU
	EndGlobalSection
	GlobalSection(ProjectConfigurationPlatforms) = postSolution
		{893E6B2C-C19C-4673-9B38-62361505EBC7}.Debug|Any CPU.ActiveCfg = Debug|Any CPU
		{893E6B2C-C19C-4673-9B38-62361505EBC7}.Debug|Any CPU.Build.0 = Debug|Any CPU
		{893E6B2C-C19C-4673-9B38-62361505EBC7}.Release|Any CPU.ActiveCfg = Release|Any CPU
		{893E6B2C-C19C-4673-9B38-62361505EBC7}.Release|Any CPU.Build.0 = Release|Any CPU
		{12DDD505-88AB-4B15-B304-DC7DC6C07655}.Debug|Any CPU.ActiveCfg = Debug|Any CPU
		{12DDD505-88AB-4B15-B304-DC7DC6C07655}.Debug|Any CPU.Build.0 = Debug|Any CPU
		{12DDD505-88AB-4B15-B304-DC7DC6C07655}.Release|Any CPU.ActiveCfg = Release|Any CPU
		{12DDD505-88AB-4B15-B304-DC7DC6C07655}.Release|Any CPU.Build.0 = Release|Any CPU
		{33AB1637-42E7-4973-B8DF-586865B527DD}.Debug|Any CPU.ActiveCfg = Debug|Any CPU
		{33AB1637-42E7-4973-B8DF-586865B527DD}.Debug|Any CPU.Build.0 = Debug|Any CPU
		{33AB1637-42E7-4973-B8DF-586865B527DD}.Release|Any CPU.ActiveCfg = Release|Any CPU
		{33AB1637-42E7-4973-B8DF-586865B527DD}.Release|Any CPU.Build.0 = Release|Any CPU
		{05344F7B-9350-42A4-9688-1E05DA5742BE}.Debug|Any CPU.ActiveCfg = Debug|Any CPU
		{05344F7B-9350-42A4-9688-1E05DA5742BE}.Debug|Any CPU.Build.0 = Debug|Any CPU
		{05344F7B-9350-42A4-9688-1E05DA5742BE}.Release|Any CPU.ActiveCfg = Release|Any CPU
		{05344F7B-9350-42A4-9688-1E05DA5742BE}.Release|Any CPU.Build.0 = Release|Any CPU
		{AB9364B2-DF4A-496D-A76E-535F641213F1}.Debug|Any CPU.ActiveCfg = Debug|Any CPU
		{AB9364B2-DF4A-496D-A76E-535F641213F1}.Debug|Any CPU.Build.0 = Debug|Any CPU
		{AB9364B2-DF4A-496D-A76E-535F641213F1}.Release|Any CPU.ActiveCfg = Release|Any CPU
		{AB9364B2-DF4A-496D-A76E-535F641213F1}.Release|Any CPU.Build.0 = Release|Any CPU
		{D6705CB8-DE6C-404D-853E-20AA6E7E91AA}.Debug|Any CPU.ActiveCfg = Debug|Any CPU
		{D6705CB8-DE6C-404D-853E-20AA6E7E91AA}.Debug|Any CPU.Build.0 = Debug|Any CPU
		{D6705CB8-DE6C-404D-853E-20AA6E7E91AA}.Release|Any CPU.ActiveCfg = Release|Any CPU
		{D6705CB8-DE6C-404D-853E-20AA6E7E91AA}.Release|Any CPU.Build.0 = Release|Any CPU
	EndGlobalSection
EndGlobal
